// !$*UTF8*$!
{
	archiveVersion = 1;
	classes = {
	};
	objectVersion = 56;
	objects = {

/* Begin PBXBuildFile section */
		10B633772AF0117500D27597 /* Wordle_CloneApp.swift in Sources */ = {isa = PBXBuildFile; fileRef = 10B633762AF0117500D27597 /* Wordle_CloneApp.swift */; };
		10B633792AF0117500D27597 /* GameView.swift in Sources */ = {isa = PBXBuildFile; fileRef = 10B633782AF0117500D27597 /* GameView.swift */; };
		10B6337B2AF0117600D27597 /* Assets.xcassets in Resources */ = {isa = PBXBuildFile; fileRef = 10B6337A2AF0117600D27597 /* Assets.xcassets */; };
		10B6337E2AF0117600D27597 /* Preview Assets.xcassets in Resources */ = {isa = PBXBuildFile; fileRef = 10B6337D2AF0117600D27597 /* Preview Assets.xcassets */; };
		10B633852AF0125200D27597 /* LaunchScreen.storyboard in Resources */ = {isa = PBXBuildFile; fileRef = 10B633842AF0125200D27597 /* LaunchScreen.storyboard */; };
		10B633882AF2B78E00D27597 /* Color+Extension.swift in Sources */ = {isa = PBXBuildFile; fileRef = 10B633872AF2B78E00D27597 /* Color+Extension.swift */; };
		10B6338B2AF2B8C700D27597 /* Guess.swift in Sources */ = {isa = PBXBuildFile; fileRef = 10B6338A2AF2B8C700D27597 /* Guess.swift */; };
		10B6338E2AF2BB5400D27597 /* GuessView.swift in Sources */ = {isa = PBXBuildFile; fileRef = 10B6338D2AF2BB5400D27597 /* GuessView.swift */; };
		10B633912AF2BE0300D27597 /* WordleDataModel.swift in Sources */ = {isa = PBXBuildFile; fileRef = 10B633902AF2BE0300D27597 /* WordleDataModel.swift */; };
		10B633932AF2C0AE00D27597 /* Global.swift in Sources */ = {isa = PBXBuildFile; fileRef = 10B633922AF2C0AE00D27597 /* Global.swift */; };
/* End PBXBuildFile section */

/* Begin PBXFileReference section */
		10B633732AF0117500D27597 /* Wordle-Clone.app */ = {isa = PBXFileReference; explicitFileType = wrapper.application; includeInIndex = 0; path = "Wordle-Clone.app"; sourceTree = BUILT_PRODUCTS_DIR; };
		10B633762AF0117500D27597 /* Wordle_CloneApp.swift */ = {isa = PBXFileReference; lastKnownFileType = sourcecode.swift; path = Wordle_CloneApp.swift; sourceTree = "<group>"; };
		10B633782AF0117500D27597 /* GameView.swift */ = {isa = PBXFileReference; lastKnownFileType = sourcecode.swift; path = GameView.swift; sourceTree = "<group>"; };
		10B6337A2AF0117600D27597 /* Assets.xcassets */ = {isa = PBXFileReference; lastKnownFileType = folder.assetcatalog; path = Assets.xcassets; sourceTree = "<group>"; };
		10B6337D2AF0117600D27597 /* Preview Assets.xcassets */ = {isa = PBXFileReference; lastKnownFileType = folder.assetcatalog; path = "Preview Assets.xcassets"; sourceTree = "<group>"; };
		10B633842AF0125200D27597 /* LaunchScreen.storyboard */ = {isa = PBXFileReference; lastKnownFileType = file.storyboard; path = LaunchScreen.storyboard; sourceTree = "<group>"; };
		10B633872AF2B78E00D27597 /* Color+Extension.swift */ = {isa = PBXFileReference; lastKnownFileType = sourcecode.swift; path = "Color+Extension.swift"; sourceTree = "<group>"; };
		10B6338A2AF2B8C700D27597 /* Guess.swift */ = {isa = PBXFileReference; lastKnownFileType = sourcecode.swift; path = Guess.swift; sourceTree = "<group>"; };
		10B6338D2AF2BB5400D27597 /* GuessView.swift */ = {isa = PBXFileReference; lastKnownFileType = sourcecode.swift; path = GuessView.swift; sourceTree = "<group>"; };
		10B633902AF2BE0300D27597 /* WordleDataModel.swift */ = {isa = PBXFileReference; lastKnownFileType = sourcecode.swift; path = WordleDataModel.swift; sourceTree = "<group>"; };
		10B633922AF2C0AE00D27597 /* Global.swift */ = {isa = PBXFileReference; lastKnownFileType = sourcecode.swift; path = Global.swift; sourceTree = "<group>"; };
/* End PBXFileReference section */

/* Begin PBXFrameworksBuildPhase section */
		10B633702AF0117500D27597 /* Frameworks */ = {
			isa = PBXFrameworksBuildPhase;
			buildActionMask = 2147483647;
			files = (
			);
			runOnlyForDeploymentPostprocessing = 0;
		};
/* End PBXFrameworksBuildPhase section */

/* Begin PBXGroup section */
		10B6336A2AF0117500D27597 = {
			isa = PBXGroup;
			children = (
				10B633752AF0117500D27597 /* Wordle-Clone */,
				10B633742AF0117500D27597 /* Products */,
			);
			sourceTree = "<group>";
		};
		10B633742AF0117500D27597 /* Products */ = {
			isa = PBXGroup;
			children = (
				10B633732AF0117500D27597 /* Wordle-Clone.app */,
			);
			name = Products;
			sourceTree = "<group>";
		};
		10B633752AF0117500D27597 /* Wordle-Clone */ = {
			isa = PBXGroup;
			children = (
				10B633762AF0117500D27597 /* Wordle_CloneApp.swift */,
				10B6338F2AF2BDEA00D27597 /* ViewModels */,
				10B6338C2AF2BB1F00D27597 /* Views */,
				10B633892AF2B8B800D27597 /* Models */,
				10B633862AF2B77800D27597 /* Extensions */,
				10B633842AF0125200D27597 /* LaunchScreen.storyboard */,
				10B6337A2AF0117600D27597 /* Assets.xcassets */,
				10B6337C2AF0117600D27597 /* Preview Content */,
			);
			path = "Wordle-Clone";
			sourceTree = "<group>";
		};
		10B6337C2AF0117600D27597 /* Preview Content */ = {
			isa = PBXGroup;
			children = (
				10B6337D2AF0117600D27597 /* Preview Assets.xcassets */,
			);
			path = "Preview Content";
			sourceTree = "<group>";
		};
		10B633862AF2B77800D27597 /* Extensions */ = {
			isa = PBXGroup;
			children = (
				10B633872AF2B78E00D27597 /* Color+Extension.swift */,
			);
			path = Extensions;
			sourceTree = "<group>";
		};
		10B633892AF2B8B800D27597 /* Models */ = {
			isa = PBXGroup;
			children = (
				10B6338A2AF2B8C700D27597 /* Guess.swift */,
				10B633922AF2C0AE00D27597 /* Global.swift */,
			);
			path = Models;
			sourceTree = "<group>";
		};
		10B6338C2AF2BB1F00D27597 /* Views */ = {
			isa = PBXGroup;
			children = (
				10B633782AF0117500D27597 /* GameView.swift */,
				10B6338D2AF2BB5400D27597 /* GuessView.swift */,
			);
			path = Views;
			sourceTree = "<group>";
		};
		10B6338F2AF2BDEA00D27597 /* ViewModels */ = {
			isa = PBXGroup;
			children = (
				10B633902AF2BE0300D27597 /* WordleDataModel.swift */,
			);
			path = ViewModels;
			sourceTree = "<group>";
		};
/* End PBXGroup section */

/* Begin PBXNativeTarget section */
		10B633722AF0117500D27597 /* Wordle-Clone */ = {
			isa = PBXNativeTarget;
			buildConfigurationList = 10B633812AF0117600D27597 /* Build configuration list for PBXNativeTarget "Wordle-Clone" */;
			buildPhases = (
				10B6336F2AF0117500D27597 /* Sources */,
				10B633702AF0117500D27597 /* Frameworks */,
				10B633712AF0117500D27597 /* Resources */,
			);
			buildRules = (
			);
			dependencies = (
			);
			name = "Wordle-Clone";
			productName = "Wordle-Clone";
			productReference = 10B633732AF0117500D27597 /* Wordle-Clone.app */;
			productType = "com.apple.product-type.application";
		};
/* End PBXNativeTarget section */

/* Begin PBXProject section */
		10B6336B2AF0117500D27597 /* Project object */ = {
			isa = PBXProject;
			attributes = {
				BuildIndependentTargetsInParallel = 1;
				LastSwiftUpdateCheck = 1420;
				LastUpgradeCheck = 1420;
				TargetAttributes = {
					10B633722AF0117500D27597 = {
						CreatedOnToolsVersion = 14.2;
					};
				};
			};
			buildConfigurationList = 10B6336E2AF0117500D27597 /* Build configuration list for PBXProject "Wordle-Clone" */;
			compatibilityVersion = "Xcode 14.0";
			developmentRegion = en;
			hasScannedForEncodings = 0;
			knownRegions = (
				en,
				Base,
			);
			mainGroup = 10B6336A2AF0117500D27597;
			productRefGroup = 10B633742AF0117500D27597 /* Products */;
			projectDirPath = "";
			projectRoot = "";
			targets = (
				10B633722AF0117500D27597 /* Wordle-Clone */,
			);
		};
/* End PBXProject section */

/* Begin PBXResourcesBuildPhase section */
		10B633712AF0117500D27597 /* Resources */ = {
			isa = PBXResourcesBuildPhase;
			buildActionMask = 2147483647;
			files = (
				10B633852AF0125200D27597 /* LaunchScreen.storyboard in Resources */,
				10B6337E2AF0117600D27597 /* Preview Assets.xcassets in Resources */,
				10B6337B2AF0117600D27597 /* Assets.xcassets in Resources */,
			);
			runOnlyForDeploymentPostprocessing = 0;
		};
/* End PBXResourcesBuildPhase section */

/* Begin PBXSourcesBuildPhase section */
		10B6336F2AF0117500D27597 /* Sources */ = {
			isa = PBXSourcesBuildPhase;
			buildActionMask = 2147483647;
			files = (
				10B633792AF0117500D27597 /* GameView.swift in Sources */,
				10B6338E2AF2BB5400D27597 /* GuessView.swift in Sources */,
				10B6338B2AF2B8C700D27597 /* Guess.swift in Sources */,
				10B633882AF2B78E00D27597 /* Color+Extension.swift in Sources */,
				10B633912AF2BE0300D27597 /* WordleDataModel.swift in Sources */,
				10B633772AF0117500D27597 /* Wordle_CloneApp.swift in Sources */,
				10B633932AF2C0AE00D27597 /* Global.swift in Sources */,
			);
			runOnlyForDeploymentPostprocessing = 0;
		};
/* End PBXSourcesBuildPhase section */

/* Begin XCBuildConfiguration section */
		10B6337F2AF0117600D27597 /* Debug */ = {
			isa = XCBuildConfiguration;
			buildSettings = {
				ALWAYS_SEARCH_USER_PATHS = NO;
				CLANG_ANALYZER_NONNULL = YES;
				CLANG_ANALYZER_NUMBER_OBJECT_CONVERSION = YES_AGGRESSIVE;
				CLANG_CXX_LANGUAGE_STANDARD = "gnu++20";
				CLANG_ENABLE_MODULES = YES;
				CLANG_ENABLE_OBJC_ARC = YES;
				CLANG_ENABLE_OBJC_WEAK = YES;
				CLANG_WARN_BLOCK_CAPTURE_AUTORELEASING = YES;
				CLANG_WARN_BOOL_CONVERSION = YES;
				CLANG_WARN_COMMA = YES;
				CLANG_WARN_CONSTANT_CONVERSION = YES;
				CLANG_WARN_DEPRECATED_OBJC_IMPLEMENTATIONS = YES;
				CLANG_WARN_DIRECT_OBJC_ISA_USAGE = YES_ERROR;
				CLANG_WARN_DOCUMENTATION_COMMENTS = YES;
				CLANG_WARN_EMPTY_BODY = YES;
				CLANG_WARN_ENUM_CONVERSION = YES;
				CLANG_WARN_INFINITE_RECURSION = YES;
				CLANG_WARN_INT_CONVERSION = YES;
				CLANG_WARN_NON_LITERAL_NULL_CONVERSION = YES;
				CLANG_WARN_OBJC_IMPLICIT_RETAIN_SELF = YES;
				CLANG_WARN_OBJC_LITERAL_CONVERSION = YES;
				CLANG_WARN_OBJC_ROOT_CLASS = YES_ERROR;
				CLANG_WARN_QUOTED_INCLUDE_IN_FRAMEWORK_HEADER = YES;
				CLANG_WARN_RANGE_LOOP_ANALYSIS = YES;
				CLANG_WARN_STRICT_PROTOTYPES = YES;
				CLANG_WARN_SUSPICIOUS_MOVE = YES;
				CLANG_WARN_UNGUARDED_AVAILABILITY = YES_AGGRESSIVE;
				CLANG_WARN_UNREACHABLE_CODE = YES;
				CLANG_WARN__DUPLICATE_METHOD_MATCH = YES;
				COPY_PHASE_STRIP = NO;
				DEBUG_INFORMATION_FORMAT = dwarf;
				ENABLE_STRICT_OBJC_MSGSEND = YES;
				ENABLE_TESTABILITY = YES;
				GCC_C_LANGUAGE_STANDARD = gnu11;
				GCC_DYNAMIC_NO_PIC = NO;
				GCC_NO_COMMON_BLOCKS = YES;
				GCC_OPTIMIZATION_LEVEL = 0;
				GCC_PREPROCESSOR_DEFINITIONS = (
					"DEBUG=1",
					"$(inherited)",
				);
				GCC_WARN_64_TO_32_BIT_CONVERSION = YES;
				GCC_WARN_ABOUT_RETURN_TYPE = YES_ERROR;
				GCC_WARN_UNDECLARED_SELECTOR = YES;
				GCC_WARN_UNINITIALIZED_AUTOS = YES_AGGRESSIVE;
				GCC_WARN_UNUSED_FUNCTION = YES;
				GCC_WARN_UNUSED_VARIABLE = YES;
				IPHONEOS_DEPLOYMENT_TARGET = 16.2;
				MTL_ENABLE_DEBUG_INFO = INCLUDE_SOURCE;
				MTL_FAST_MATH = YES;
				ONLY_ACTIVE_ARCH = YES;
				SDKROOT = iphoneos;
				SWIFT_ACTIVE_COMPILATION_CONDITIONS = DEBUG;
				SWIFT_OPTIMIZATION_LEVEL = "-Onone";
			};
			name = Debug;
		};
		10B633802AF0117600D27597 /* Release */ = {
			isa = XCBuildConfiguration;
			buildSettings = {
				ALWAYS_SEARCH_USER_PATHS = NO;
				CLANG_ANALYZER_NONNULL = YES;
				CLANG_ANALYZER_NUMBER_OBJECT_CONVERSION = YES_AGGRESSIVE;
				CLANG_CXX_LANGUAGE_STANDARD = "gnu++20";
				CLANG_ENABLE_MODULES = YES;
				CLANG_ENABLE_OBJC_ARC = YES;
				CLANG_ENABLE_OBJC_WEAK = YES;
				CLANG_WARN_BLOCK_CAPTURE_AUTORELEASING = YES;
				CLANG_WARN_BOOL_CONVERSION = YES;
				CLANG_WARN_COMMA = YES;
				CLANG_WARN_CONSTANT_CONVERSION = YES;
				CLANG_WARN_DEPRECATED_OBJC_IMPLEMENTATIONS = YES;
				CLANG_WARN_DIRECT_OBJC_ISA_USAGE = YES_ERROR;
				CLANG_WARN_DOCUMENTATION_COMMENTS = YES;
				CLANG_WARN_EMPTY_BODY = YES;
				CLANG_WARN_ENUM_CONVERSION = YES;
				CLANG_WARN_INFINITE_RECURSION = YES;
				CLANG_WARN_INT_CONVERSION = YES;
				CLANG_WARN_NON_LITERAL_NULL_CONVERSION = YES;
				CLANG_WARN_OBJC_IMPLICIT_RETAIN_SELF = YES;
				CLANG_WARN_OBJC_LITERAL_CONVERSION = YES;
				CLANG_WARN_OBJC_ROOT_CLASS = YES_ERROR;
				CLANG_WARN_QUOTED_INCLUDE_IN_FRAMEWORK_HEADER = YES;
				CLANG_WARN_RANGE_LOOP_ANALYSIS = YES;
				CLANG_WARN_STRICT_PROTOTYPES = YES;
				CLANG_WARN_SUSPICIOUS_MOVE = YES;
				CLANG_WARN_UNGUARDED_AVAILABILITY = YES_AGGRESSIVE;
				CLANG_WARN_UNREACHABLE_CODE = YES;
				CLANG_WARN__DUPLICATE_METHOD_MATCH = YES;
				COPY_PHASE_STRIP = NO;
				DEBUG_INFORMATION_FORMAT = "dwarf-with-dsym";
				ENABLE_NS_ASSERTIONS = NO;
				ENABLE_STRICT_OBJC_MSGSEND = YES;
				GCC_C_LANGUAGE_STANDARD = gnu11;
				GCC_NO_COMMON_BLOCKS = YES;
				GCC_WARN_64_TO_32_BIT_CONVERSION = YES;
				GCC_WARN_ABOUT_RETURN_TYPE = YES_ERROR;
				GCC_WARN_UNDECLARED_SELECTOR = YES;
				GCC_WARN_UNINITIALIZED_AUTOS = YES_AGGRESSIVE;
				GCC_WARN_UNUSED_FUNCTION = YES;
				GCC_WARN_UNUSED_VARIABLE = YES;
				IPHONEOS_DEPLOYMENT_TARGET = 16.2;
				MTL_ENABLE_DEBUG_INFO = NO;
				MTL_FAST_MATH = YES;
				SDKROOT = iphoneos;
				SWIFT_COMPILATION_MODE = wholemodule;
				SWIFT_OPTIMIZATION_LEVEL = "-O";
				VALIDATE_PRODUCT = YES;
			};
			name = Release;
		};
		10B633822AF0117600D27597 /* Debug */ = {
			isa = XCBuildConfiguration;
			buildSettings = {
				ASSETCATALOG_COMPILER_APPICON_NAME = AppIcon;
				ASSETCATALOG_COMPILER_GLOBAL_ACCENT_COLOR_NAME = AccentColor;
				CODE_SIGN_STYLE = Automatic;
				CURRENT_PROJECT_VERSION = 1;
				DEVELOPMENT_ASSET_PATHS = "\"Wordle-Clone/Preview Content\"";
				DEVELOPMENT_TEAM = 73923FA922;
				ENABLE_PREVIEWS = YES;
				GENERATE_INFOPLIST_FILE = YES;
				INFOPLIST_KEY_UIApplicationSceneManifest_Generation = YES;
				INFOPLIST_KEY_UIApplicationSupportsIndirectInputEvents = YES;
				INFOPLIST_KEY_UILaunchScreen_Generation = YES;
				INFOPLIST_KEY_UILaunchStoryboardName = LaunchScreen.storyboard;
				INFOPLIST_KEY_UIRequiresFullScreen = YES;
				INFOPLIST_KEY_UISupportedInterfaceOrientations_iPad = "UIInterfaceOrientationPortrait UIInterfaceOrientationPortraitUpsideDown UIInterfaceOrientationLandscapeLeft UIInterfaceOrientationLandscapeRight";
				INFOPLIST_KEY_UISupportedInterfaceOrientations_iPhone = UIInterfaceOrientationPortrait;
				LD_RUNPATH_SEARCH_PATHS = (
					"$(inherited)",
					"@executable_path/Frameworks",
				);
				MARKETING_VERSION = 1.0;
				PRODUCT_BUNDLE_IDENTIFIER = "com.vinpre.Wordle-Clone";
				PRODUCT_NAME = "$(TARGET_NAME)";
				SWIFT_EMIT_LOC_STRINGS = YES;
				SWIFT_VERSION = 5.0;
				TARGETED_DEVICE_FAMILY = "1,2";
			};
			name = Debug;
		};
		10B633832AF0117600D27597 /* Release */ = {
			isa = XCBuildConfiguration;
			buildSettings = {
				ASSETCATALOG_COMPILER_APPICON_NAME = AppIcon;
				ASSETCATALOG_COMPILER_GLOBAL_ACCENT_COLOR_NAME = AccentColor;
				CODE_SIGN_STYLE = Automatic;
				CURRENT_PROJECT_VERSION = 1;
				DEVELOPMENT_ASSET_PATHS = "\"Wordle-Clone/Preview Content\"";
				DEVELOPMENT_TEAM = 73923FA922;
				ENABLE_PREVIEWS = YES;
				GENERATE_INFOPLIST_FILE = YES;
				INFOPLIST_KEY_UIApplicationSceneManifest_Generation = YES;
				INFOPLIST_KEY_UIApplicationSupportsIndirectInputEvents = YES;
				INFOPLIST_KEY_UILaunchScreen_Generation = YES;
				INFOPLIST_KEY_UILaunchStoryboardName = LaunchScreen.storyboard;
				INFOPLIST_KEY_UIRequiresFullScreen = YES;
				INFOPLIST_KEY_UISupportedInterfaceOrientations_iPad = "UIInterfaceOrientationPortrait UIInterfaceOrientationPortraitUpsideDown UIInterfaceOrientationLandscapeLeft UIInterfaceOrientationLandscapeRight";
				INFOPLIST_KEY_UISupportedInterfaceOrientations_iPhone = UIInterfaceOrientationPortrait;
				LD_RUNPATH_SEARCH_PATHS = (
					"$(inherited)",
					"@executable_path/Frameworks",
				);
				MARKETING_VERSION = 1.0;
				PRODUCT_BUNDLE_IDENTIFIER = "com.vinpre.Wordle-Clone";
				PRODUCT_NAME = "$(TARGET_NAME)";
				SWIFT_EMIT_LOC_STRINGS = YES;
				SWIFT_VERSION = 5.0;
				TARGETED_DEVICE_FAMILY = "1,2";
			};
			name = Release;
		};
/* End XCBuildConfiguration section */

/* Begin XCConfigurationList section */
		10B6336E2AF0117500D27597 /* Build configuration list for PBXProject "Wordle-Clone" */ = {
			isa = XCConfigurationList;
			buildConfigurations = (
				10B6337F2AF0117600D27597 /* Debug */,
				10B633802AF0117600D27597 /* Release */,
			);
			defaultConfigurationIsVisible = 0;
			defaultConfigurationName = Release;
		};
		10B633812AF0117600D27597 /* Build configuration list for PBXNativeTarget "Wordle-Clone" */ = {
			isa = XCConfigurationList;
			buildConfigurations = (
				10B633822AF0117600D27597 /* Debug */,
				10B633832AF0117600D27597 /* Release */,
			);
			defaultConfigurationIsVisible = 0;
			defaultConfigurationName = Release;
		};
/* End XCConfigurationList section */
	};
	rootObject = 10B6336B2AF0117500D27597 /* Project object */;
}
